// !$*UTF8*$!
{
	archiveVersion = 1;
	classes = {
	};
	objectVersion = 50;
	objects = {

/* Begin PBXBuildFile section */
		43A6124A2278ADAD005B801A /* InfoViewController.swift in Sources */ = {isa = PBXBuildFile; fileRef = 43A612492278ADAD005B801A /* InfoViewController.swift */; };
		53C2AC4B2271A7F900E10125 /* AppDelegate.swift in Sources */ = {isa = PBXBuildFile; fileRef = 53C2AC4A2271A7F900E10125 /* AppDelegate.swift */; };
		53C2AC4D2271A7F900E10125 /* ViewController.swift in Sources */ = {isa = PBXBuildFile; fileRef = 53C2AC4C2271A7F900E10125 /* ViewController.swift */; };
		53C2AC502271A7F900E10125 /* Main.storyboard in Resources */ = {isa = PBXBuildFile; fileRef = 53C2AC4E2271A7F900E10125 /* Main.storyboard */; };
		53C2AC522271A7FA00E10125 /* Assets.xcassets in Resources */ = {isa = PBXBuildFile; fileRef = 53C2AC512271A7FA00E10125 /* Assets.xcassets */; };
		53C2AC552271A7FA00E10125 /* LaunchScreen.storyboard in Resources */ = {isa = PBXBuildFile; fileRef = 53C2AC532271A7FA00E10125 /* LaunchScreen.storyboard */; };
		53C2AC5D2271C02300E10125 /* MainViewController.swift in Sources */ = {isa = PBXBuildFile; fileRef = 53C2AC5C2271C02300E10125 /* MainViewController.swift */; };
		53C2AC5F2271E2EF00E10125 /* Qna.swift in Sources */ = {isa = PBXBuildFile; fileRef = 53C2AC5E2271E2EF00E10125 /* Qna.swift */; };
/* End PBXBuildFile section */

/* Begin PBXFileReference section */
		43A612492278ADAD005B801A /* InfoViewController.swift */ = {isa = PBXFileReference; lastKnownFileType = sourcecode.swift; path = InfoViewController.swift; sourceTree = "<group>"; };
		53C2AC472271A7F900E10125 /* MultipleChoiceQuestion.app */ = {isa = PBXFileReference; explicitFileType = wrapper.application; includeInIndex = 0; path = MultipleChoiceQuestion.app; sourceTree = BUILT_PRODUCTS_DIR; };
		53C2AC4A2271A7F900E10125 /* AppDelegate.swift */ = {isa = PBXFileReference; lastKnownFileType = sourcecode.swift; path = AppDelegate.swift; sourceTree = "<group>"; };
		53C2AC4C2271A7F900E10125 /* ViewController.swift */ = {isa = PBXFileReference; lastKnownFileType = sourcecode.swift; path = ViewController.swift; sourceTree = "<group>"; };
		53C2AC4F2271A7F900E10125 /* Base */ = {isa = PBXFileReference; lastKnownFileType = file.storyboard; name = Base; path = Base.lproj/Main.storyboard; sourceTree = "<group>"; };
		53C2AC512271A7FA00E10125 /* Assets.xcassets */ = {isa = PBXFileReference; lastKnownFileType = folder.assetcatalog; path = Assets.xcassets; sourceTree = "<group>"; };
		53C2AC542271A7FA00E10125 /* Base */ = {isa = PBXFileReference; lastKnownFileType = file.storyboard; name = Base; path = Base.lproj/LaunchScreen.storyboard; sourceTree = "<group>"; };
		53C2AC562271A7FA00E10125 /* Info.plist */ = {isa = PBXFileReference; lastKnownFileType = text.plist.xml; path = Info.plist; sourceTree = "<group>"; };
		53C2AC5C2271C02300E10125 /* MainViewController.swift */ = {isa = PBXFileReference; lastKnownFileType = sourcecode.swift; path = MainViewController.swift; sourceTree = "<group>"; };
		53C2AC5E2271E2EF00E10125 /* Qna.swift */ = {isa = PBXFileReference; lastKnownFileType = sourcecode.swift; path = Qna.swift; sourceTree = "<group>"; };
/* End PBXFileReference section */

/* Begin PBXFrameworksBuildPhase section */
		53C2AC442271A7F900E10125 /* Frameworks */ = {
			isa = PBXFrameworksBuildPhase;
			buildActionMask = 2147483647;
			files = (
			);
			runOnlyForDeploymentPostprocessing = 0;
		};
/* End PBXFrameworksBuildPhase section */

/* Begin PBXGroup section */
		53C2AC3E2271A7F900E10125 = {
			isa = PBXGroup;
			children = (
				53C2AC5E2271E2EF00E10125 /* Qna.swift */,
				53C2AC492271A7F900E10125 /* MultipleChoiceQuestion */,
				53C2AC482271A7F900E10125 /* Products */,
			);
			sourceTree = "<group>";
		};
		53C2AC482271A7F900E10125 /* Products */ = {
			isa = PBXGroup;
			children = (
				53C2AC472271A7F900E10125 /* MultipleChoiceQuestion.app */,
			);
			name = Products;
			sourceTree = "<group>";
		};
		53C2AC492271A7F900E10125 /* MultipleChoiceQuestion */ = {
			isa = PBXGroup;
			children = (
				53C2AC4A2271A7F900E10125 /* AppDelegate.swift */,
				53C2AC4C2271A7F900E10125 /* ViewController.swift */,
				43A612492278ADAD005B801A /* InfoViewController.swift */,
				53C2AC4E2271A7F900E10125 /* Main.storyboard */,
				53C2AC5C2271C02300E10125 /* MainViewController.swift */,
				53C2AC512271A7FA00E10125 /* Assets.xcassets */,
				53C2AC532271A7FA00E10125 /* LaunchScreen.storyboard */,
				53C2AC562271A7FA00E10125 /* Info.plist */,
			);
			path = MultipleChoiceQuestion;
			sourceTree = "<group>";
		};
/* End PBXGroup section */

/* Begin PBXNativeTarget section */
		53C2AC462271A7F900E10125 /* MultipleChoiceQuestion */ = {
			isa = PBXNativeTarget;
			buildConfigurationList = 53C2AC592271A7FA00E10125 /* Build configuration list for PBXNativeTarget "MultipleChoiceQuestion" */;
			buildPhases = (
				53C2AC432271A7F900E10125 /* Sources */,
				53C2AC442271A7F900E10125 /* Frameworks */,
				53C2AC452271A7F900E10125 /* Resources */,
			);
			buildRules = (
			);
			dependencies = (
			);
			name = MultipleChoiceQuestion;
			productName = MultipleChoiceQuestion;
			productReference = 53C2AC472271A7F900E10125 /* MultipleChoiceQuestion.app */;
			productType = "com.apple.product-type.application";
		};
/* End PBXNativeTarget section */

/* Begin PBXProject section */
		53C2AC3F2271A7F900E10125 /* Project object */ = {
			isa = PBXProject;
			attributes = {
				LastSwiftUpdateCheck = 1020;
				LastUpgradeCheck = 1020;
				ORGANIZATIONNAME = ntou;
				TargetAttributes = {
					53C2AC462271A7F900E10125 = {
						CreatedOnToolsVersion = 10.2.1;
					};
				};
			};
			buildConfigurationList = 53C2AC422271A7F900E10125 /* Build configuration list for PBXProject "MultipleChoiceQuestion" */;
			compatibilityVersion = "Xcode 9.3";
			developmentRegion = en;
			hasScannedForEncodings = 0;
			knownRegions = (
				en,
				Base,
			);
			mainGroup = 53C2AC3E2271A7F900E10125;
			productRefGroup = 53C2AC482271A7F900E10125 /* Products */;
			projectDirPath = "";
			projectRoot = "";
			targets = (
				53C2AC462271A7F900E10125 /* MultipleChoiceQuestion */,
			);
		};
/* End PBXProject section */

/* Begin PBXResourcesBuildPhase section */
		53C2AC452271A7F900E10125 /* Resources */ = {
			isa = PBXResourcesBuildPhase;
			buildActionMask = 2147483647;
			files = (
				53C2AC552271A7FA00E10125 /* LaunchScreen.storyboard in Resources */,
				53C2AC522271A7FA00E10125 /* Assets.xcassets in Resources */,
				53C2AC502271A7F900E10125 /* Main.storyboard in Resources */,
			);
			runOnlyForDeploymentPostprocessing = 0;
		};
/* End PBXResourcesBuildPhase section */

/* Begin PBXSourcesBuildPhase section */
		53C2AC432271A7F900E10125 /* Sources */ = {
			isa = PBXSourcesBuildPhase;
			buildActionMask = 2147483647;
			files = (
				53C2AC5F2271E2EF00E10125 /* Qna.swift in Sources */,
				53C2AC5D2271C02300E10125 /* MainViewController.swift in Sources */,
				53C2AC4D2271A7F900E10125 /* ViewController.swift in Sources */,
				53C2AC4B2271A7F900E10125 /* AppDelegate.swift in Sources */,
				43A6124A2278ADAD005B801A /* InfoViewController.swift in Sources */,
			);
			runOnlyForDeploymentPostprocessing = 0;
		};
/* End PBXSourcesBuildPhase section */

/* Begin PBXVariantGroup section */
		53C2AC4E2271A7F900E10125 /* Main.storyboard */ = {
			isa = PBXVariantGroup;
			children = (
				53C2AC4F2271A7F900E10125 /* Base */,
			);
			name = Main.storyboard;
			sourceTree = "<group>";
		};
		53C2AC532271A7FA00E10125 /* LaunchScreen.storyboard */ = {
			isa = PBXVariantGroup;
			children = (
				53C2AC542271A7FA00E10125 /* Base */,
			);
			name = LaunchScreen.storyboard;
			sourceTree = "<group>";
		};
/* End PBXVariantGroup section */

/* Begin XCBuildConfiguration section */
		53C2AC572271A7FA00E10125 /* Debug */ = {
			isa = XCBuildConfiguration;
			buildSettings = {
				ALWAYS_SEARCH_USER_PATHS = NO;
				CLANG_ANALYZER_NONNULL = YES;
				CLANG_ANALYZER_NUMBER_OBJECT_CONVERSION = YES_AGGRESSIVE;
				CLANG_CXX_LANGUAGE_STANDARD = "gnu++14";
				CLANG_CXX_LIBRARY = "libc++";
				CLANG_ENABLE_MODULES = YES;
				CLANG_ENABLE_OBJC_ARC = YES;
				CLANG_ENABLE_OBJC_WEAK = YES;
				CLANG_WARN_BLOCK_CAPTURE_AUTORELEASING = YES;
				CLANG_WARN_BOOL_CONVERSION = YES;
				CLANG_WARN_COMMA = YES;
				CLANG_WARN_CONSTANT_CONVERSION = YES;
				CLANG_WARN_DEPRECATED_OBJC_IMPLEMENTATIONS = YES;
				CLANG_WARN_DIRECT_OBJC_ISA_USAGE = YES_ERROR;
				CLANG_WARN_DOCUMENTATION_COMMENTS = YES;
				CLANG_WARN_EMPTY_BODY = YES;
				CLANG_WARN_ENUM_CONVERSION = YES;
				CLANG_WARN_INFINITE_RECURSION = YES;
				CLANG_WARN_INT_CONVERSION = YES;
				CLANG_WARN_NON_LITERAL_NULL_CONVERSION = YES;
				CLANG_WARN_OBJC_IMPLICIT_RETAIN_SELF = YES;
				CLANG_WARN_OBJC_LITERAL_CONVERSION = YES;
				CLANG_WARN_OBJC_ROOT_CLASS = YES_ERROR;
				CLANG_WARN_RANGE_LOOP_ANALYSIS = YES;
				CLANG_WARN_STRICT_PROTOTYPES = YES;
				CLANG_WARN_SUSPICIOUS_MOVE = YES;
				CLANG_WARN_UNGUARDED_AVAILABILITY = YES_AGGRESSIVE;
				CLANG_WARN_UNREACHABLE_CODE = YES;
				CLANG_WARN__DUPLICATE_METHOD_MATCH = YES;
				CODE_SIGN_IDENTITY = "iPhone Developer";
				COPY_PHASE_STRIP = NO;
				DEBUG_INFORMATION_FORMAT = dwarf;
				ENABLE_STRICT_OBJC_MSGSEND = YES;
				ENABLE_TESTABILITY = YES;
				GCC_C_LANGUAGE_STANDARD = gnu11;
				GCC_DYNAMIC_NO_PIC = NO;
				GCC_NO_COMMON_BLOCKS = YES;
				GCC_OPTIMIZATION_LEVEL = 0;
				GCC_PREPROCESSOR_DEFINITIONS = (
					"DEBUG=1",
					"$(inherited)",
				);
				GCC_WARN_64_TO_32_BIT_CONVERSION = YES;
				GCC_WARN_ABOUT_RETURN_TYPE = YES_ERROR;
				GCC_WARN_UNDECLARED_SELECTOR = YES;
				GCC_WARN_UNINITIALIZED_AUTOS = YES_AGGRESSIVE;
				GCC_WARN_UNUSED_FUNCTION = YES;
				GCC_WARN_UNUSED_VARIABLE = YES;
				IPHONEOS_DEPLOYMENT_TARGET = 12.2;
				MTL_ENABLE_DEBUG_INFO = INCLUDE_SOURCE;
				MTL_FAST_MATH = YES;
				ONLY_ACTIVE_ARCH = YES;
				SDKROOT = iphoneos;
				SWIFT_ACTIVE_COMPILATION_CONDITIONS = DEBUG;
				SWIFT_OPTIMIZATION_LEVEL = "-Onone";
			};
			name = Debug;
		};
		53C2AC582271A7FA00E10125 /* Release */ = {
			isa = XCBuildConfiguration;
			buildSettings = {
				ALWAYS_SEARCH_USER_PATHS = NO;
				CLANG_ANALYZER_NONNULL = YES;
				CLANG_ANALYZER_NUMBER_OBJECT_CONVERSION = YES_AGGRESSIVE;
				CLANG_CXX_LANGUAGE_STANDARD = "gnu++14";
				CLANG_CXX_LIBRARY = "libc++";
				CLANG_ENABLE_MODULES = YES;
				CLANG_ENABLE_OBJC_ARC = YES;
				CLANG_ENABLE_OBJC_WEAK = YES;
				CLANG_WARN_BLOCK_CAPTURE_AUTORELEASING = YES;
				CLANG_WARN_BOOL_CONVERSION = YES;
				CLANG_WARN_COMMA = YES;
				CLANG_WARN_CONSTANT_CONVERSION = YES;
				CLANG_WARN_DEPRECATED_OBJC_IMPLEMENTATIONS = YES;
				CLANG_WARN_DIRECT_OBJC_ISA_USAGE = YES_ERROR;
				CLANG_WARN_DOCUMENTATION_COMMENTS = YES;
				CLANG_WARN_EMPTY_BODY = YES;
				CLANG_WARN_ENUM_CONVERSION = YES;
				CLANG_WARN_INFINITE_RECURSION = YES;
				CLANG_WARN_INT_CONVERSION = YES;
				CLANG_WARN_NON_LITERAL_NULL_CONVERSION = YES;
				CLANG_WARN_OBJC_IMPLICIT_RETAIN_SELF = YES;
				CLANG_WARN_OBJC_LITERAL_CONVERSION = YES;
				CLANG_WARN_OBJC_ROOT_CLASS = YES_ERROR;
				CLANG_WARN_RANGE_LOOP_ANALYSIS = YES;
				CLANG_WARN_STRICT_PROTOTYPES = YES;
				CLANG_WARN_SUSPICIOUS_MOVE = YES;
				CLANG_WARN_UNGUARDED_AVAILABILITY = YES_AGGRESSIVE;
				CLANG_WARN_UNREACHABLE_CODE = YES;
				CLANG_WARN__DUPLICATE_METHOD_MATCH = YES;
				CODE_SIGN_IDENTITY = "iPhone Developer";
				COPY_PHASE_STRIP = NO;
				DEBUG_INFORMATION_FORMAT = "dwarf-with-dsym";
				ENABLE_NS_ASSERTIONS = NO;
				ENABLE_STRICT_OBJC_MSGSEND = YES;
				GCC_C_LANGUAGE_STANDARD = gnu11;
				GCC_NO_COMMON_BLOCKS = YES;
				GCC_WARN_64_TO_32_BIT_CONVERSION = YES;
				GCC_WARN_ABOUT_RETURN_TYPE = YES_ERROR;
				GCC_WARN_UNDECLARED_SELECTOR = YES;
				GCC_WARN_UNINITIALIZED_AUTOS = YES_AGGRESSIVE;
				GCC_WARN_UNUSED_FUNCTION = YES;
				GCC_WARN_UNUSED_VARIABLE = YES;
				IPHONEOS_DEPLOYMENT_TARGET = 12.2;
				MTL_ENABLE_DEBUG_INFO = NO;
				MTL_FAST_MATH = YES;
				SDKROOT = iphoneos;
				SWIFT_COMPILATION_MODE = wholemodule;
				SWIFT_OPTIMIZATION_LEVEL = "-O";
				VALIDATE_PRODUCT = YES;
			};
			name = Release;
		};
		53C2AC5A2271A7FA00E10125 /* Debug */ = {
			isa = XCBuildConfiguration;
			buildSettings = {
				ASSETCATALOG_COMPILER_APPICON_NAME = AppIcon;
				CODE_SIGN_STYLE = Automatic;
				INFOPLIST_FILE = MultipleChoiceQuestion/Info.plist;
				LD_RUNPATH_SEARCH_PATHS = (
					"$(inherited)",
					"@executable_path/Frameworks",
				);
				PRODUCT_BUNDLE_IDENTIFIER = com.MultipleChoiceQuestion;
				PRODUCT_NAME = "$(TARGET_NAME)";
				SWIFT_VERSION = 5.0;
				TARGETED_DEVICE_FAMILY = "1,2";
			};
			name = Debug;
		};
		53C2AC5B2271A7FA00E10125 /* Release */ = {
			isa = XCBuildConfiguration;
			buildSettings = {
				ASSETCATALOG_COMPILER_APPICON_NAME = AppIcon;
				CODE_SIGN_STYLE = Automatic;
				INFOPLIST_FILE = MultipleChoiceQuestion/Info.plist;
				LD_RUNPATH_SEARCH_PATHS = (
					"$(inherited)",
					"@executable_path/Frameworks",
				);
				PRODUCT_BUNDLE_IDENTIFIER = com.MultipleChoiceQuestion;
				PRODUCT_NAME = "$(TARGET_NAME)";
				SWIFT_VERSION = 5.0;
				TARGETED_DEVICE_FAMILY = "1,2";
			};
			name = Release;
		};
/* End XCBuildConfiguration section */

/* Begin XCConfigurationList section */
		53C2AC422271A7F900E10125 /* Build configuration list for PBXProject "MultipleChoiceQuestion" */ = {
			isa = XCConfigurationList;
			buildConfigurations = (
				53C2AC572271A7FA00E10125 /* Debug */,
				53C2AC582271A7FA00E10125 /* Release */,
			);
			defaultConfigurationIsVisible = 0;
			defaultConfigurationName = Release;
		};
		53C2AC592271A7FA00E10125 /* Build configuration list for PBXNativeTarget "MultipleChoiceQuestion" */ = {
			isa = XCConfigurationList;
			buildConfigurations = (
				53C2AC5A2271A7FA00E10125 /* Debug */,
				53C2AC5B2271A7FA00E10125 /* Release */,
			);
			defaultConfigurationIsVisible = 0;
			defaultConfigurationName = Release;
		};
/* End XCConfigurationList section */
	};
	rootObject = 53C2AC3F2271A7F900E10125 /* Project object */;
}
